
Microsoft Visual Studio Solution File, Format Version 12.00
# Visual Studio Version 17
VisualStudioVersion = 17.0.32126.317
MinimumVisualStudioVersion = 10.0.40219.1
Project("{FAE04EC0-301F-11D3-BF4B-00C04F79EFBC}") = "Day6", "Day6.csproj", "{CE068F30-1E43-4DBD-A03A-5104E2C1974B}"
EndProject
Project("{FAE04EC0-301F-11D3-BF4B-00C04F79EFBC}") = "Core", "..\Core\Core.csproj", "{013138EF-1133-421A-BF6C-553A06E51FAE}"
EndProject
Global
	GlobalSection(SolutionConfigurationPlatforms) = preSolution
		Debug|Any CPU = Debug|Any CPU
		Release|Any CPU = Release|Any CPU
	EndGlobalSection
	GlobalSection(ProjectConfigurationPlatforms) = postSolution
		{CE068F30-1E43-4DBD-A03A-5104E2C1974B}.Debug|Any CPU.ActiveCfg = Debug|Any CPU
		{CE068F30-1E43-4DBD-A03A-5104E2C1974B}.Debug|Any CPU.Build.0 = Debug|Any CPU
		{CE068F30-1E43-4DBD-A03A-5104E2C1974B}.Release|Any CPU.ActiveCfg = Release|Any CPU
		{CE068F30-1E43-4DBD-A03A-5104E2C1974B}.Release|Any CPU.Build.0 = Release|Any CPU
		{013138EF-1133-421A-BF6C-553A06E51FAE}.Debug|Any CPU.ActiveCfg = Debug|Any CPU
		{013138EF-1133-421A-BF6C-553A06E51FAE}.Debug|Any CPU.Build.0 = Debug|Any CPU
		{013138EF-1133-421A-BF6C-553A06E51FAE}.Release|Any CPU.ActiveCfg = Release|Any CPU
		{013138EF-1133-421A-BF6C-553A06E51FAE}.Release|Any CPU.Build.0 = Release|Any CPU
	EndGlobalSection
	GlobalSection(SolutionProperties) = preSolution
		HideSolutionNode = FALSE
	EndGlobalSection
	GlobalSection(ExtensibilityGlobals) = postSolution
		SolutionGuid = {6090A6BC-4EBC-4AD5-98CC-FE05A791E704}
	EndGlobalSection
EndGlobal
