
Microsoft Visual Studio Solution File, Format Version 12.00
# Visual Studio Version 17
VisualStudioVersion = 17.0.32126.317
MinimumVisualStudioVersion = 10.0.40219.1
Project("{FAE04EC0-301F-11D3-BF4B-00C04F79EFBC}") = "EntityFrameworkDay2", "EntityFrameworkDay2.csproj", "{F3F8C979-E0B9-4B92-A4FA-445D58325F3D}"
EndProject
Project("{FAE04EC0-301F-11D3-BF4B-00C04F79EFBC}") = "Domain", "..\Domain\Domain.csproj", "{FD77BA09-1039-4468-B4B9-394BF44F1BB0}"
EndProject
Global
	GlobalSection(SolutionConfigurationPlatforms) = preSolution
		Debug|Any CPU = Debug|Any CPU
		Release|Any CPU = Release|Any CPU
	EndGlobalSection
	GlobalSection(ProjectConfigurationPlatforms) = postSolution
		{F3F8C979-E0B9-4B92-A4FA-445D58325F3D}.Debug|Any CPU.ActiveCfg = Debug|Any CPU
		{F3F8C979-E0B9-4B92-A4FA-445D58325F3D}.Debug|Any CPU.Build.0 = Debug|Any CPU
		{F3F8C979-E0B9-4B92-A4FA-445D58325F3D}.Release|Any CPU.ActiveCfg = Release|Any CPU
		{F3F8C979-E0B9-4B92-A4FA-445D58325F3D}.Release|Any CPU.Build.0 = Release|Any CPU
		{FD77BA09-1039-4468-B4B9-394BF44F1BB0}.Debug|Any CPU.ActiveCfg = Debug|Any CPU
		{FD77BA09-1039-4468-B4B9-394BF44F1BB0}.Debug|Any CPU.Build.0 = Debug|Any CPU
		{FD77BA09-1039-4468-B4B9-394BF44F1BB0}.Release|Any CPU.ActiveCfg = Release|Any CPU
		{FD77BA09-1039-4468-B4B9-394BF44F1BB0}.Release|Any CPU.Build.0 = Release|Any CPU
	EndGlobalSection
	GlobalSection(SolutionProperties) = preSolution
		HideSolutionNode = FALSE
	EndGlobalSection
	GlobalSection(ExtensibilityGlobals) = postSolution
		SolutionGuid = {F90AC89F-DA11-4413-A5F5-7585C659DF9F}
	EndGlobalSection
EndGlobal
